{
  "name": "bijoy-unicode-converter",
  "lockfileVersion": 3,
  "requires": true,
  "packages": {
    "": {
      "dependencies": {
        "bangla-likhi": "^1.0.1"
      }
    },
    "node_modules/bangla-likhi": {
      "version": "1.0.1",
      "resolved": "https://registry.npmjs.org/bangla-likhi/-/bangla-likhi-1.0.1.tgz",
      "integrity": "sha512-ipSxpsT2JTEnGCXKfHHiC+DE8ARHqGWH4mtguk517itJiR5LzXKtqVlLr5LTTWhTKgoyoJ+YklzEU7zJQS0MXQ==",
      "license": "MIT"
    }
  }
}
